{
  "nodes": {
    "blink-cmp-redraw-fix": {
      "flake": false,
      "locked": {
        "lastModified": 1771543615,
        "narHash": "sha256-nuwX6M2c7NagOCDABgbWSbKA7HNc2jCd3m3Q2okzhKE=",
        "owner": "saghen",
        "repo": "blink.cmp",
        "rev": "8a85527550c040db41272570f5fb4bae753c839f",
        "type": "github"
      },
      "original": {
        "owner": "saghen",
        "ref": "fix/visual-artifacts",
        "repo": "blink.cmp",
        "type": "github"
      }
    },
    "flake-parts": {
      "inputs": {
        "nixpkgs-lib": [
          "nixpkgs"
        ]
      },
      "locked": {
        "lastModified": 1769996383,
        "narHash": "sha256-AnYjnFWgS49RlqX7LrC4uA+sCCDBj0Ry/WOJ5XWAsa0=",
        "owner": "hercules-ci",
        "repo": "flake-parts",
        "rev": "57928607ea566b5db3ad13af0e57e921e6b12381",
        "type": "github"
      },
      "original": {
        "owner": "hercules-ci",
        "repo": "flake-parts",
        "type": "github"
      }
    },
    "gep-dotfiles": {
      "inputs": {
        "dwm-gep": [],
        "flake-parts": [
          "flake-parts"
        ],
        "home-manager": [],
        "nix-index-database": "nix-index-database",
        "nixpkgs": [
          "nixpkgs"
        ],
        "nixpkgs-patch-hytale-launcher": [],
        "nixpkgs-patcher": [],
        "nur": [],
        "nvim-gep": "nvim-gep",
        "sops-nix": [],
        "systems": [
          "systems"
        ],
        "treefmt-nix": []
      },
      "locked": {
        "lastModified": 1771753101,
        "narHash": "sha256-fLW8b832Sx8kXwo5ha30awMYohzwOKhLrLW47ISJgBA=",
        "ref": "refs/heads/main",
        "rev": "8267c4bb3de2818d2b5af4a2eca4ca9c463a7000",
        "revCount": 1284,
        "type": "git",
        "url": "https://git.tchfoo.com/gepbird/dotfiles"
      },
      "original": {
        "type": "git",
        "url": "https://git.tchfoo.com/gepbird/dotfiles"
      }
    },
    "home-manager": {
      "inputs": {
        "nixpkgs": []
      },
      "locked": {
        "lastModified": 1771756436,
        "narHash": "sha256-Tl2I0YXdhSTufGqAaD1ySh8x+cvVsEI1mJyJg12lxhI=",
        "owner": "nix-community",
        "repo": "home-manager",
        "rev": "5bd3589390b431a63072868a90c0f24771ff4cbb",
        "type": "github"
      },
      "original": {
        "owner": "nix-community",
        "repo": "home-manager",
        "type": "github"
      }
    },
    "moe": {
      "inputs": {
        "nixpkgs": [
          "nixpkgs"
        ],
        "nuget-packageslock2nix": "nuget-packageslock2nix"
      },
      "locked": {
        "lastModified": 1770820461,
        "narHash": "sha256-6d9ptWml5SaV+RP/lkm7xuPk1nWDDoWG4YjkQnFrgLw=",
        "owner": "tchfoo",
        "repo": "moe",
        "rev": "a3b47b890f7e8ecbfa831baec1ca82a44ac226b4",
        "type": "github"
      },
      "original": {
        "owner": "tchfoo",
        "repo": "moe",
        "type": "github"
      }
    },
    "neovim-nightly": {
      "inputs": {
        "flake-parts": [
          "gep-dotfiles",
          "nvim-gep",
          "flake-parts"
        ],
        "neovim-src": "neovim-src",
        "nixpkgs": [
          "gep-dotfiles",
          "nvim-gep",
          "nixpkgs"
        ]
      },
      "locked": {
        "lastModified": 1771718719,
        "narHash": "sha256-3l+XqvGhtEAgO/Bmj0BztZzt/B8/TaeXAueJLZnGWXg=",
        "owner": "nix-community",
        "repo": "neovim-nightly-overlay",
        "rev": "9ea828da7d7a4f21beb909a541a2da790031059c",
        "type": "github"
      },
      "original": {
        "owner": "nix-community",
        "repo": "neovim-nightly-overlay",
        "type": "github"
      }
    },
    "neovim-src": {
      "flake": false,
      "locked": {
        "lastModified": 1771717439,
        "narHash": "sha256-sH9AWegmJXG6cDCW7FtbTAcdno8KODvh2FwHozeyDgk=",
        "owner": "neovim",
        "repo": "neovim",
        "rev": "940d5c239b088fe0e994a220b4d524ddb44760e9",
        "type": "github"
      },
      "original": {
        "owner": "neovim",
        "repo": "neovim",
        "type": "github"
      }
    },
    "nix-index-database": {
      "inputs": {
        "nixpkgs": [
          "gep-dotfiles"
        ]
      },
      "locked": {
        "lastModified": 1771734689,
        "narHash": "sha256-/phvMgr1yutyAMjKnZlxkVplzxHiz60i4rc+gKzpwhg=",
        "owner": "nix-community",
        "repo": "nix-index-database",
        "rev": "8f590b832326ab9699444f3a48240595954a4b10",
        "type": "github"
      },
      "original": {
        "owner": "nix-community",
        "repo": "nix-index-database",
        "type": "github"
      }
    },
    "nixos-hardware": {
      "locked": {
        "lastModified": 1771423359,
        "narHash": "sha256-yRKJ7gpVmXbX2ZcA8nFi6CMPkJXZGjie2unsiMzj3Ig=",
        "owner": "NixOS",
        "repo": "nixos-hardware",
        "rev": "740a22363033e9f1bb6270fbfb5a9574067af15b",
        "type": "github"
      },
      "original": {
        "owner": "NixOS",
        "ref": "master",
        "repo": "nixos-hardware",
        "type": "github"
      }
    },
    "nixos-raspberrypi": {
      "inputs": {
        "argononed": [],
        "flake-compat": [],
        "nixos-images": [],
        "nixpkgs": "nixpkgs"
      },
      "locked": {
        "lastModified": 1769297295,
        "narHash": "sha256-WNI4AzwrYPeKzI/maEE+pRm8y+l9+zELkmVzMzOrOfY=",
        "owner": "nvmd",
        "repo": "nixos-raspberrypi",
        "rev": "251861d8e7e4806e185a8e41e09b3ad1e6e088e6",
        "type": "github"
      },
      "original": {
        "owner": "nvmd",
        "ref": "main",
        "repo": "nixos-raspberrypi",
        "type": "github"
      }
    },
    "nixpkgs": {
      "locked": {
        "lastModified": 1769296100,
        "narHash": "sha256-T5VGtbz2X+waw2P1dYvLa56osxj3cNZArfa5aRBVT+s=",
        "owner": "nvmd",
        "repo": "nixpkgs",
        "rev": "87f37c7a374071ec0924b99b846c1a7cc44a8c6c",
        "type": "github"
      },
      "original": {
        "owner": "nvmd",
        "ref": "modules-with-keys-25.11",
        "repo": "nixpkgs",
        "type": "github"
      }
    },
    "nixpkgs-patch-fix-raspi-module-renames": {
      "flake": false,
      "locked": {
        "narHash": "sha256-Aq8LhYkG36rDeHR32AJnjBKTsifnEKAST2vcIP81Gqk=",
        "type": "file",
        "url": "https://github.com/NixOS/nixpkgs/pull/398456.diff"
      },
      "original": {
        "type": "file",
        "url": "https://github.com/NixOS/nixpkgs/pull/398456.diff"
      }
    },
    "nixpkgs-patch-nixos-librechat-add-meilisearch-support": {
      "flake": false,
      "locked": {
        "narHash": "sha256-xsIf+v4J0Y56+9Qgtb1fO7yihlfHbrJBemSn+MNhbDQ=",
        "type": "file",
        "url": "https://github.com/NixOS/nixpkgs/pull/481465.diff"
      },
      "original": {
        "type": "file",
        "url": "https://github.com/NixOS/nixpkgs/pull/481465.diff"
      }
    },
    "nixpkgs-patch-nixos-nginx-add-build-time-syntax-validation": {
      "flake": false,
      "locked": {
        "narHash": "sha256-GhqLFwSvCu1DABjQTeONEs4u+aDDWEQX4fyT+YwPciQ=",
        "type": "file",
        "url": "https://github.com/NixOS/nixpkgs/pull/474858.diff"
      },
      "original": {
        "type": "file",
        "url": "https://github.com/NixOS/nixpkgs/pull/474858.diff"
      }
    },
    "nixpkgs-patcher": {
      "locked": {
        "lastModified": 1769207991,
        "narHash": "sha256-SwGLSB3H/Lq2gPa2/yCtmcUn8E/fVuPtZ5qnjrDj62s=",
        "owner": "gepbird",
        "repo": "nixpkgs-patcher",
        "rev": "2e59a7b94478f67e3ac2b221f737fe75c2175edc",
        "type": "github"
      },
      "original": {
        "owner": "gepbird",
        "repo": "nixpkgs-patcher",
        "type": "github"
      }
    },
    "nixpkgs_2": {
      "locked": {
        "lastModified": 1771369470,
        "narHash": "sha256-0NBlEBKkN3lufyvFegY4TYv5mCNHbi5OmBDrzihbBMQ=",
        "owner": "NixOS",
        "repo": "nixpkgs",
        "rev": "0182a361324364ae3f436a63005877674cf45efb",
        "type": "github"
      },
      "original": {
        "owner": "NixOS",
        "ref": "nixos-unstable",
        "repo": "nixpkgs",
        "type": "github"
      }
    },
    "nixvim": {
      "inputs": {
        "flake-parts": [
          "gep-dotfiles",
          "nvim-gep",
          "flake-parts"
        ],
        "nixpkgs": [
          "gep-dotfiles",
          "nvim-gep",
          "nixpkgs"
        ],
        "systems": [
          "gep-dotfiles",
          "nvim-gep",
          "systems"
        ]
      },
      "locked": {
        "lastModified": 1771135771,
        "narHash": "sha256-wyvBIhDuyCRyjB3yPg77qoyxrlgQtBR1rVW3c9knV3E=",
        "owner": "nix-community",
        "repo": "nixvim",
        "rev": "ed0424f0b08d303a7348f52f7850ad1b2704f9ba",
        "type": "github"
      },
      "original": {
        "owner": "nix-community",
        "repo": "nixvim",
        "type": "github"
      }
    },
    "nuget-packageslock2nix": {
      "inputs": {
        "nixpkgs": [
          "moe",
          "nixpkgs"
        ]
      },
      "locked": {
        "lastModified": 1761040608,
        "narHash": "sha256-QWNZT450i/89ud1Tkk+MjwfJzDgg8wrpS/x2jPthN6I=",
        "owner": "mdarocha",
        "repo": "nuget-packageslock2nix",
        "rev": "d629f61009274fb4cd1fe9b24a30f9849251b25c",
        "type": "github"
      },
      "original": {
        "owner": "mdarocha",
        "ref": "main",
        "repo": "nuget-packageslock2nix",
        "type": "github"
      }
    },
    "nur": {
      "inputs": {
        "flake-parts": [
          "flake-parts"
        ],
        "nixpkgs": [
          "nixpkgs"
        ]
      },
      "locked": {
        "lastModified": 1771753690,
        "narHash": "sha256-N9piqHMtzdB6RJpHnYmPhYXLC4Q8cq6upv+kEY1KDMU=",
        "owner": "nix-community",
        "repo": "NUR",
        "rev": "4f6eb1c3d16cc51451d0b8f418b3d4d7bcde6f61",
        "type": "github"
      },
      "original": {
        "owner": "nix-community",
        "repo": "NUR",
        "type": "github"
      }
    },
    "nvim-gep": {
      "inputs": {
        "blink-cmp-redraw-fix": "blink-cmp-redraw-fix",
        "flake-parts": [
          "gep-dotfiles",
          "flake-parts"
        ],
        "neovim-nightly": "neovim-nightly",
        "nixpkgs": [
          "gep-dotfiles",
          "nixpkgs"
        ],
        "nixpkgs-patcher": [
          "gep-dotfiles"
        ],
        "nixvim": "nixvim",
        "systems": [
          "gep-dotfiles",
          "systems"
        ]
      },
      "locked": {
        "lastModified": 1771752821,
        "narHash": "sha256-JGaH8jsC9Id3SukqW6e97W31w1AficGaQ3aj8v94Q24=",
        "ref": "refs/heads/main",
        "rev": "0c65a78ce0362a15025209a935721be06a4cccc2",
        "revCount": 110,
        "type": "git",
        "url": "https://git.tchfoo.com/gepbird/nvim"
      },
      "original": {
        "type": "git",
        "url": "https://git.tchfoo.com/gepbird/nvim"
      }
    },
    "root": {
      "inputs": {
        "flake-parts": "flake-parts",
        "gep-dotfiles": "gep-dotfiles",
        "home-manager": "home-manager",
        "moe": "moe",
        "nixos-hardware": "nixos-hardware",
        "nixos-raspberrypi": "nixos-raspberrypi",
        "nixpkgs": "nixpkgs_2",
        "nixpkgs-patch-fix-raspi-module-renames": "nixpkgs-patch-fix-raspi-module-renames",
        "nixpkgs-patch-nixos-librechat-add-meilisearch-support": "nixpkgs-patch-nixos-librechat-add-meilisearch-support",
        "nixpkgs-patch-nixos-nginx-add-build-time-syntax-validation": "nixpkgs-patch-nixos-nginx-add-build-time-syntax-validation",
        "nixpkgs-patcher": "nixpkgs-patcher",
        "nur": "nur",
        "sops-nix": "sops-nix",
        "systems": "systems",
        "treefmt-nix": "treefmt-nix",
        "ymstnt-dotfiles": "ymstnt-dotfiles",
        "ymstnt-website": "ymstnt-website"
      }
    },
    "sops-nix": {
      "inputs": {
        "nixpkgs": [
          "nixpkgs"
        ]
      },
      "locked": {
        "lastModified": 1771735105,
        "narHash": "sha256-MJuVJeszZEziquykEHh/hmgIHYxUcuoG/1aowpLiSeU=",
        "owner": "Mic92",
        "repo": "sops-nix",
        "rev": "d7755d820f5fa8acf7f223309c33e25d4f92e74f",
        "type": "github"
      },
      "original": {
        "owner": "Mic92",
        "repo": "sops-nix",
        "type": "github"
      }
    },
    "systems": {
      "locked": {
        "lastModified": 1681028828,
        "narHash": "sha256-Vy1rq5AaRuLzOxct8nz4T6wlgyUR7zLU309k9mBC768=",
        "owner": "nix-systems",
        "repo": "default",
        "rev": "da67096a3b9bf56a91d16901293e51ba5b49a27e",
        "type": "github"
      },
      "original": {
        "owner": "nix-systems",
        "repo": "default",
        "type": "github"
      }
    },
    "treefmt-nix": {
      "inputs": {
        "nixpkgs": []
      },
      "locked": {
        "lastModified": 1770228511,
        "narHash": "sha256-wQ6NJSuFqAEmIg2VMnLdCnUc0b7vslUohqqGGD+Fyxk=",
        "owner": "numtide",
        "repo": "treefmt-nix",
        "rev": "337a4fe074be1042a35086f15481d763b8ddc0e7",
        "type": "github"
      },
      "original": {
        "owner": "numtide",
        "repo": "treefmt-nix",
        "type": "github"
      }
    },
    "ymstnt-dotfiles": {
      "inputs": {
        "agenix": [],
        "cosmic-manager": [],
        "home-manager": [],
        "nixpkgs": [
          "nixpkgs"
        ],
        "nixpkgs-develop": [],
        "nixpkgs-kdenlive": [],
        "nixpkgs-master": [],
        "nixpkgs-patch-hytale-launcher": [],
        "nixpkgs-patcher": [],
        "nixpkgs-stable": [],
        "nur": []
      },
      "locked": {
        "lastModified": 1771492878,
        "narHash": "sha256-fwrFaZOzlAWpMP3w8tlOiUDRPjVy05CNXYn04cn+FMU=",
        "ref": "refs/heads/main",
        "rev": "a4ca3030ff6ebd5d1b04f2eac2896a31b87ec944",
        "revCount": 804,
        "type": "git",
        "url": "https://git.tchfoo.com/ymstnt/dotfiles"
      },
      "original": {
        "type": "git",
        "url": "https://git.tchfoo.com/ymstnt/dotfiles"
      }
    },
    "ymstnt-website": {
      "flake": false,
      "locked": {
        "lastModified": 1771172032,
        "narHash": "sha256-Cqkw0D82py0U9K5rFp9yKzVUhgMXZ8S3tsrHKajU47U=",
        "ref": "refs/heads/main",
        "rev": "aca2316ae24723859e60e474e2023eb10b8bd4c7",
        "revCount": 27,
        "type": "git",
        "url": "https://git.tchfoo.com/ymstnt/website"
      },
      "original": {
        "type": "git",
        "url": "https://git.tchfoo.com/ymstnt/website"
      }
    }
  },
  "root": "root",
  "version": 7
}
