{
  "nodes": {
    "agenix": {
      "inputs": {
        "darwin": [],
        "home-manager": [
          "home-manager"
        ],
        "nixpkgs": [
          "nixpkgs"
        ],
        "systems": [
          "systems"
        ]
      },
      "locked": {
        "lastModified": 1754433428,
        "narHash": "sha256-NA/FT2hVhKDftbHSwVnoRTFhes62+7dxZbxj5Gxvghs=",
        "owner": "ryantm",
        "repo": "agenix",
        "rev": "9edb1787864c4f59ae5074ad498b6272b3ec308d",
        "type": "github"
      },
      "original": {
        "owner": "ryantm",
        "repo": "agenix",
        "type": "github"
      }
    },
    "flake-parts": {
      "inputs": {
        "nixpkgs-lib": [
          "gep-dotfiles",
          "nixpkgs"
        ]
      },
      "locked": {
        "lastModified": 1759362264,
        "narHash": "sha256-wfG0S7pltlYyZTM+qqlhJ7GMw2fTF4mLKCIVhLii/4M=",
        "owner": "hercules-ci",
        "repo": "flake-parts",
        "rev": "758cf7296bee11f1706a574c77d072b8a7baa881",
        "type": "github"
      },
      "original": {
        "owner": "hercules-ci",
        "repo": "flake-parts",
        "type": "github"
      }
    },
    "flake-parts_2": {
      "inputs": {
        "nixpkgs-lib": [
          "nur",
          "nixpkgs"
        ]
      },
      "locked": {
        "lastModified": 1733312601,
        "narHash": "sha256-4pDvzqnegAfRkPwO3wmwBhVi/Sye1mzps0zHWYnP88c=",
        "owner": "hercules-ci",
        "repo": "flake-parts",
        "rev": "205b12d8b7cd4802fbcb8e8ef6a0f1408781a4f9",
        "type": "github"
      },
      "original": {
        "owner": "hercules-ci",
        "repo": "flake-parts",
        "type": "github"
      }
    },
    "flake-utils": {
      "inputs": {
        "systems": [
          "systems"
        ]
      },
      "locked": {
        "lastModified": 1731533236,
        "narHash": "sha256-l0KFg5HjrsfsO/JpG+r7fRrqm12kzFHyUHqHCVpMMbI=",
        "owner": "numtide",
        "repo": "flake-utils",
        "rev": "11707dc2f618dd54ca8739b309ec4fc024de578b",
        "type": "github"
      },
      "original": {
        "owner": "numtide",
        "repo": "flake-utils",
        "type": "github"
      }
    },
    "flakey-profile": {
      "locked": {
        "lastModified": 1712898590,
        "narHash": "sha256-FhGIEU93VHAChKEXx905TSiPZKga69bWl1VB37FK//I=",
        "owner": "lf-",
        "repo": "flakey-profile",
        "rev": "243c903fd8eadc0f63d205665a92d4df91d42d9d",
        "type": "github"
      },
      "original": {
        "owner": "lf-",
        "repo": "flakey-profile",
        "type": "github"
      }
    },
    "gep-dotfiles": {
      "inputs": {
        "agenix": [
          "agenix"
        ],
        "dwm-gep": [],
        "flake-parts": "flake-parts",
        "flake-utils": [
          "flake-utils"
        ],
        "home-manager": [
          "home-manager"
        ],
        "lix-module": [
          "lix-module"
        ],
        "nix-index-database": "nix-index-database",
        "nix-matlab": [],
        "nixpkgs": [
          "nixpkgs"
        ],
        "nixpkgs-patch-bottom-0-11-2": "nixpkgs-patch-bottom-0-11-2",
        "nixpkgs-patch-gromit-mpx-fix-build": "nixpkgs-patch-gromit-mpx-fix-build",
        "nixpkgs-patch-qgnomeplatform-fix-build": "nixpkgs-patch-qgnomeplatform-fix-build",
        "nixpkgs-patcher": [],
        "nur": [],
        "nvim": "nvim",
        "systems": [
          "systems"
        ],
        "treefmt-nix": []
      },
      "locked": {
        "lastModified": 1760266508,
        "narHash": "sha256-6JUwMO+rn4tExJ5Vv3jfVMX3j0DB55Bdn63pSea3BYM=",
        "owner": "gepbird",
        "repo": "dotfiles",
        "rev": "f3bdc1ce8bcfe51d02f2f2ed83e4bd71773467b0",
        "type": "github"
      },
      "original": {
        "owner": "gepbird",
        "repo": "dotfiles",
        "type": "github"
      }
    },
    "home-manager": {
      "inputs": {
        "nixpkgs": [
          "nixpkgs"
        ]
      },
      "locked": {
        "lastModified": 1760662441,
        "narHash": "sha256-mlDqR1Ntgs9uYYEAUR1IhamKBO0lxoNS4zGLzEZaY0A=",
        "owner": "nix-community",
        "repo": "home-manager",
        "rev": "722792af097dff5790f1a66d271a47759f477755",
        "type": "github"
      },
      "original": {
        "owner": "nix-community",
        "repo": "home-manager",
        "type": "github"
      }
    },
    "lix-module": {
      "inputs": {
        "flake-utils": [
          "flake-utils"
        ],
        "flakey-profile": "flakey-profile",
        "lix": [],
        "nixpkgs": [
          "nixpkgs"
        ]
      },
      "locked": {
        "lastModified": 1741892773,
        "narHash": "sha256-8oUT6D7VlsuLkms3zBsUaPBUoxucmFq62QdtyVpjq0Y=",
        "rev": "ed7a2fa83145868ecb830d6b3c73ebfd81a9e911",
        "type": "tarball",
        "url": "https://git.lix.systems/api/v1/repos/lix-project/nixos-module/archive/ed7a2fa83145868ecb830d6b3c73ebfd81a9e911.tar.gz?rev=ed7a2fa83145868ecb830d6b3c73ebfd81a9e911"
      },
      "original": {
        "type": "tarball",
        "url": "https://git.lix.systems/lix-project/nixos-module/archive/stable.tar.gz"
      }
    },
    "moe": {
      "inputs": {
        "flake-utils": [
          "flake-utils"
        ],
        "nixpkgs": [
          "nixpkgs"
        ],
        "nuget-packageslock2nix": "nuget-packageslock2nix"
      },
      "locked": {
        "lastModified": 1760552182,
        "narHash": "sha256-CNK46jmnfQ+hLdXx4SenTw/6B87OeukuvpHqhUkrx6s=",
        "owner": "ymstnt-com",
        "repo": "moe",
        "rev": "9a41dd75f746ec6817f9cce84230047fd4008b93",
        "type": "github"
      },
      "original": {
        "owner": "ymstnt-com",
        "repo": "moe",
        "type": "github"
      }
    },
    "neovim-nightly": {
      "inputs": {
        "flake-compat": [
          "gep-dotfiles",
          "nvim"
        ],
        "flake-parts": [
          "gep-dotfiles",
          "nvim",
          "flake-parts"
        ],
        "git-hooks": [
          "gep-dotfiles",
          "nvim"
        ],
        "hercules-ci-effects": [
          "gep-dotfiles",
          "nvim"
        ],
        "neovim-src": "neovim-src",
        "nixpkgs": [
          "gep-dotfiles",
          "nvim",
          "nixpkgs"
        ],
        "treefmt-nix": [
          "gep-dotfiles",
          "nvim"
        ]
      },
      "locked": {
        "lastModified": 1760168241,
        "narHash": "sha256-87aML9i/zVm5WSCEx59PUpCrpkLbXEqcLEFPNn5+2iE=",
        "owner": "nix-community",
        "repo": "neovim-nightly-overlay",
        "rev": "d5ef90cf4577df3e3daef7e070d200cca64c889f",
        "type": "github"
      },
      "original": {
        "owner": "nix-community",
        "repo": "neovim-nightly-overlay",
        "type": "github"
      }
    },
    "neovim-src": {
      "flake": false,
      "locked": {
        "lastModified": 1760105690,
        "narHash": "sha256-ZII7EvSnJueiV/a595uOsIdbWcXVWhO5pCvvJp2/mco=",
        "owner": "neovim",
        "repo": "neovim",
        "rev": "fafc329bbd1e15f9ab595568e8cd8b10295113dd",
        "type": "github"
      },
      "original": {
        "owner": "neovim",
        "repo": "neovim",
        "type": "github"
      }
    },
    "nix-index-database": {
      "inputs": {
        "nixpkgs": [
          "gep-dotfiles",
          "nixpkgs"
        ]
      },
      "locked": {
        "lastModified": 1759637156,
        "narHash": "sha256-8NI1SqntLfKl6Q0Luemc3aIboezSJElofUrqipF5g78=",
        "owner": "nix-community",
        "repo": "nix-index-database",
        "rev": "0ca69684091aa3a6b1fe994c4afeff305b15e915",
        "type": "github"
      },
      "original": {
        "owner": "nix-community",
        "repo": "nix-index-database",
        "type": "github"
      }
    },
    "nixos-hardware": {
      "locked": {
        "lastModified": 1760106635,
        "narHash": "sha256-2GoxVaKWTHBxRoeUYSjv0AfSOx4qw5CWSFz2b+VolKU=",
        "owner": "NixOS",
        "repo": "nixos-hardware",
        "rev": "9ed85f8afebf2b7478f25db0a98d0e782c0ed903",
        "type": "github"
      },
      "original": {
        "owner": "NixOS",
        "ref": "master",
        "repo": "nixos-hardware",
        "type": "github"
      }
    },
    "nixpkgs": {
      "locked": {
        "lastModified": 1760524057,
        "narHash": "sha256-EVAqOteLBFmd7pKkb0+FIUyzTF61VKi7YmvP1tw4nEw=",
        "owner": "NixOS",
        "repo": "nixpkgs",
        "rev": "544961dfcce86422ba200ed9a0b00dd4b1486ec5",
        "type": "github"
      },
      "original": {
        "owner": "NixOS",
        "ref": "nixos-unstable",
        "repo": "nixpkgs",
        "type": "github"
      }
    },
    "nixpkgs-patch-avahi-debug": {
      "flake": false,
      "locked": {
        "narHash": "sha256-PEnRbjoTHjhtbzUH1Rl17kyx1J2G35NV6E48CpKH3vs=",
        "type": "file",
        "url": "https://github.com/NixOS/nixpkgs/pull/448254.diff"
      },
      "original": {
        "type": "file",
        "url": "https://github.com/NixOS/nixpkgs/pull/448254.diff"
      }
    },
    "nixpkgs-patch-bottom-0-11-2": {
      "flake": false,
      "locked": {
        "narHash": "sha256-KD9CDC+VjSsotYQXgMdLPPTdt/03c4omNnpR1QiSz98=",
        "type": "file",
        "url": "https://github.com/NixOS/nixpkgs/pull/450437.diff"
      },
      "original": {
        "type": "file",
        "url": "https://github.com/NixOS/nixpkgs/pull/450437.diff"
      }
    },
    "nixpkgs-patch-gromit-mpx-fix-build": {
      "flake": false,
      "locked": {
        "narHash": "sha256-qMnW361f4AK+R3QLGkemxaf4mq5QxpFpPzBK6CMBZQ0=",
        "type": "file",
        "url": "https://github.com/NixOS/nixpkgs/pull/451113.diff"
      },
      "original": {
        "type": "file",
        "url": "https://github.com/NixOS/nixpkgs/pull/451113.diff"
      }
    },
    "nixpkgs-patch-mcpelauncher-ui-qt-fix-build": {
      "flake": false,
      "locked": {
        "narHash": "sha256-T6sLt0s3Y7Ge/zq9ZXaansA6eqKMxKe3nUdOJMo/B0g=",
        "type": "file",
        "url": "https://github.com/NixOS/nixpkgs/pull/450779.diff"
      },
      "original": {
        "type": "file",
        "url": "https://github.com/NixOS/nixpkgs/pull/450779.diff"
      }
    },
    "nixpkgs-patch-qgnomeplatform-fix-build": {
      "flake": false,
      "locked": {
        "narHash": "sha256-Hh7dKX8oAtjmNLBpsa2CMhOcK3rO9rPigyTYaiD0D+8=",
        "type": "file",
        "url": "https://github.com/NixOS/nixpkgs/pull/449396.diff"
      },
      "original": {
        "type": "file",
        "url": "https://github.com/NixOS/nixpkgs/pull/449396.diff"
      }
    },
    "nixpkgs-patcher": {
      "locked": {
        "lastModified": 1759655918,
        "narHash": "sha256-UBxtzgeSan7K186nYyokjIUIgMEqg1JM9yR0Lk6+ifQ=",
        "owner": "gepbird",
        "repo": "nixpkgs-patcher",
        "rev": "385ea045e492ec62b2c9c571b4311f75dd5342d8",
        "type": "github"
      },
      "original": {
        "owner": "gepbird",
        "repo": "nixpkgs-patcher",
        "type": "github"
      }
    },
    "nixvim": {
      "inputs": {
        "flake-parts": [
          "gep-dotfiles",
          "nvim",
          "flake-parts"
        ],
        "nixpkgs": [
          "gep-dotfiles",
          "nvim",
          "nixpkgs"
        ],
        "nuschtosSearch": [
          "gep-dotfiles",
          "nvim"
        ],
        "systems": [
          "gep-dotfiles",
          "nvim",
          "systems"
        ]
      },
      "locked": {
        "lastModified": 1760201666,
        "narHash": "sha256-We8VAiO7e8Vy0ptKTSxF5nR9pkm+FaGHkCsIzzsMNEQ=",
        "owner": "nix-community",
        "repo": "nixvim",
        "rev": "c66070248254d4efb619c3423d71ab3592b31234",
        "type": "github"
      },
      "original": {
        "owner": "nix-community",
        "repo": "nixvim",
        "type": "github"
      }
    },
    "nuget-packageslock2nix": {
      "inputs": {
        "nixpkgs": [
          "moe",
          "nixpkgs"
        ]
      },
      "locked": {
        "lastModified": 1751962126,
        "narHash": "sha256-BPn430U+bHDDReU9SKDt/MocWlvwCzzdYjrlPvF74Zk=",
        "owner": "mdarocha",
        "repo": "nuget-packageslock2nix",
        "rev": "9a101f9ca1feb1fad676a2c353dc76b8fc9ec66e",
        "type": "github"
      },
      "original": {
        "owner": "mdarocha",
        "ref": "main",
        "repo": "nuget-packageslock2nix",
        "type": "github"
      }
    },
    "nur": {
      "inputs": {
        "flake-parts": "flake-parts_2",
        "nixpkgs": [
          "nixpkgs"
        ]
      },
      "locked": {
        "lastModified": 1760696778,
        "narHash": "sha256-TwtB1TcGck8APrlyq++EokE+aqUOh9FlsU+dP8l8V3Q=",
        "owner": "nix-community",
        "repo": "NUR",
        "rev": "f0a2d04fc5a1a97773cb1386e1f97865d6d389a2",
        "type": "github"
      },
      "original": {
        "owner": "nix-community",
        "repo": "NUR",
        "type": "github"
      }
    },
    "nvim": {
      "inputs": {
        "flake-parts": [
          "gep-dotfiles",
          "flake-parts"
        ],
        "neovim-nightly": "neovim-nightly",
        "nixpkgs": [
          "gep-dotfiles",
          "nixpkgs"
        ],
        "nixvim": "nixvim",
        "nvim-treesitter-textobjects": "nvim-treesitter-textobjects",
        "systems": [
          "gep-dotfiles",
          "systems"
        ]
      },
      "locked": {
        "lastModified": 1760214551,
        "narHash": "sha256-ym6FGFMfxZwF8+4kjerItwDnuEPhMR5HikzFPjq2wcU=",
        "owner": "gepbird",
        "repo": "nvim",
        "rev": "6c944752c09f853324c6de4a93ff8309b3dfbb05",
        "type": "github"
      },
      "original": {
        "owner": "gepbird",
        "repo": "nvim",
        "type": "github"
      }
    },
    "nvim-treesitter-textobjects": {
      "flake": false,
      "locked": {
        "lastModified": 1756368113,
        "narHash": "sha256-+KmOpRi4JAqm6UqYdtk80jwFrJhLCs0lZM/Liofq0R4=",
        "owner": "nvim-treesitter",
        "repo": "nvim-treesitter-textobjects",
        "rev": "1b2d85d3de6114c4bcea89ffb2cd1ce9e3a19931",
        "type": "github"
      },
      "original": {
        "owner": "nvim-treesitter",
        "ref": "main",
        "repo": "nvim-treesitter-textobjects",
        "type": "github"
      }
    },
    "root": {
      "inputs": {
        "agenix": "agenix",
        "flake-utils": "flake-utils",
        "gep-dotfiles": "gep-dotfiles",
        "home-manager": "home-manager",
        "lix-module": "lix-module",
        "moe": "moe",
        "nixos-hardware": "nixos-hardware",
        "nixpkgs": "nixpkgs",
        "nixpkgs-patcher": "nixpkgs-patcher",
        "nur": "nur",
        "systems": "systems",
        "ymstnt-dotfiles": "ymstnt-dotfiles",
        "ymstnt-website": "ymstnt-website"
      }
    },
    "systems": {
      "locked": {
        "lastModified": 1681028828,
        "narHash": "sha256-Vy1rq5AaRuLzOxct8nz4T6wlgyUR7zLU309k9mBC768=",
        "owner": "nix-systems",
        "repo": "default",
        "rev": "da67096a3b9bf56a91d16901293e51ba5b49a27e",
        "type": "github"
      },
      "original": {
        "owner": "nix-systems",
        "repo": "default",
        "type": "github"
      }
    },
    "ymstnt-dotfiles": {
      "inputs": {
        "agenix": [
          "agenix"
        ],
        "cosmic-manager": [],
        "home-manager": [
          "home-manager"
        ],
        "lix-module": [],
        "nix-matlab": [],
        "nixpkgs": [
          "nixpkgs"
        ],
        "nixpkgs-develop": [],
        "nixpkgs-master": [],
        "nixpkgs-patch-avahi-debug": "nixpkgs-patch-avahi-debug",
        "nixpkgs-patch-mcpelauncher-ui-qt-fix-build": "nixpkgs-patch-mcpelauncher-ui-qt-fix-build",
        "nixpkgs-patcher": [],
        "nixpkgs-stable": [],
        "nur": []
      },
      "locked": {
        "lastModified": 1760594040,
        "narHash": "sha256-vkndPGxxrwpyFPAfQ+apHXfvdAdsN0hJ0z7jldu3ouo=",
        "owner": "ymstnt",
        "repo": "dotfiles",
        "rev": "4b4d7a6175c18430e447b232224da97437a6f3cd",
        "type": "github"
      },
      "original": {
        "owner": "ymstnt",
        "ref": "main",
        "repo": "dotfiles",
        "type": "github"
      }
    },
    "ymstnt-website": {
      "flake": false,
      "locked": {
        "lastModified": 1757624904,
        "narHash": "sha256-yf6gdcOHRvwrVf7L4HzWEHn21dzqWB+KIiI1e2o0zZY=",
        "owner": "ymstnt",
        "repo": "website",
        "rev": "d5967d66e1ffe59d5eaed24abc11600425010f1c",
        "type": "github"
      },
      "original": {
        "owner": "ymstnt",
        "repo": "website",
        "type": "github"
      }
    }
  },
  "root": "root",
  "version": 7
}
