{
  "nodes": {
    "flake-parts": {
      "inputs": {
        "nixpkgs-lib": [
          "nixpkgs"
        ]
      },
      "locked": {
        "lastModified": 1768135262,
        "narHash": "sha256-PVvu7OqHBGWN16zSi6tEmPwwHQ4rLPU9Plvs8/1TUBY=",
        "owner": "hercules-ci",
        "repo": "flake-parts",
        "rev": "80daad04eddbbf5a4d883996a73f3f542fa437ac",
        "type": "github"
      },
      "original": {
        "owner": "hercules-ci",
        "repo": "flake-parts",
        "type": "github"
      }
    },
    "gep-dotfiles": {
      "inputs": {
        "dwm-gep": [],
        "flake-parts": [
          "flake-parts"
        ],
        "home-manager": [],
        "nix-index-database": "nix-index-database",
        "nixpkgs": [
          "nixpkgs"
        ],
        "nixpkgs-patcher": [],
        "nur": [],
        "nvim-gep": "nvim-gep",
        "sops-nix": [],
        "systems": [
          "systems"
        ],
        "treefmt-nix": []
      },
      "locked": {
        "lastModified": 1768667946,
        "narHash": "sha256-MNmQFIUuUrd5mhi6AyirBN+QBLdwjjEHewJn3entHsc=",
        "ref": "refs/heads/main",
        "rev": "d95ed20f4e279d627bd3eb7a407f7b05da2af639",
        "revCount": 1260,
        "type": "git",
        "url": "https://git.tchfoo.com/gepbird/dotfiles"
      },
      "original": {
        "type": "git",
        "url": "https://git.tchfoo.com/gepbird/dotfiles"
      }
    },
    "home-manager": {
      "inputs": {
        "nixpkgs": []
      },
      "locked": {
        "lastModified": 1768749864,
        "narHash": "sha256-EKRMFBLBRCHrFZ5luX85RTnsN3b2q3FjZEi62vXwJBE=",
        "owner": "nix-community",
        "repo": "home-manager",
        "rev": "5148e08046dc8c74c66b8aee4d302a47d6931b56",
        "type": "github"
      },
      "original": {
        "owner": "nix-community",
        "repo": "home-manager",
        "type": "github"
      }
    },
    "moe": {
      "inputs": {
        "nixpkgs": [
          "nixpkgs"
        ],
        "nuget-packageslock2nix": "nuget-packageslock2nix"
      },
      "locked": {
        "lastModified": 1768400043,
        "narHash": "sha256-mBfMoScE5gz7OJ2M1LznZcw8amwAYh9jiFbu3L62Sp0=",
        "owner": "tchfoo",
        "repo": "moe",
        "rev": "dfe33e250f90cafcb06230badaefbaab547952cb",
        "type": "github"
      },
      "original": {
        "owner": "tchfoo",
        "repo": "moe",
        "type": "github"
      }
    },
    "neovim-nightly": {
      "inputs": {
        "flake-parts": [
          "gep-dotfiles",
          "nvim-gep",
          "flake-parts"
        ],
        "neovim-src": "neovim-src",
        "nixpkgs": [
          "gep-dotfiles",
          "nvim-gep",
          "nixpkgs"
        ]
      },
      "locked": {
        "lastModified": 1768089909,
        "narHash": "sha256-ZhOqOA935D9Nt9jVZpvna0AoyLDyrqgHs7ZpRCFXads=",
        "owner": "nix-community",
        "repo": "neovim-nightly-overlay",
        "rev": "da3ebf6278515f20c5ad3c65d11cce833acdf73c",
        "type": "github"
      },
      "original": {
        "owner": "nix-community",
        "repo": "neovim-nightly-overlay",
        "type": "github"
      }
    },
    "neovim-src": {
      "flake": false,
      "locked": {
        "lastModified": 1768087477,
        "narHash": "sha256-oGeGdfuUv1ZMeITtElyxCOmiRmSuIquwP8fb6OSDDt4=",
        "owner": "neovim",
        "repo": "neovim",
        "rev": "ba7e17160df2088251217d059ad3441253b74993",
        "type": "github"
      },
      "original": {
        "owner": "neovim",
        "repo": "neovim",
        "type": "github"
      }
    },
    "nix-index-database": {
      "inputs": {
        "nixpkgs": [
          "gep-dotfiles"
        ]
      },
      "locked": {
        "lastModified": 1765267181,
        "narHash": "sha256-d3NBA9zEtBu2JFMnTBqWj7Tmi7R5OikoU2ycrdhQEws=",
        "owner": "nix-community",
        "repo": "nix-index-database",
        "rev": "82befcf7dc77c909b0f2a09f5da910ec95c5b78f",
        "type": "github"
      },
      "original": {
        "owner": "nix-community",
        "repo": "nix-index-database",
        "type": "github"
      }
    },
    "nixos-hardware": {
      "locked": {
        "lastModified": 1768736227,
        "narHash": "sha256-qgGq7CfrYKc3IBYQ7qp0Z/ZXndQVC5Bj0N8HW9mS2rM=",
        "owner": "NixOS",
        "repo": "nixos-hardware",
        "rev": "d447553bcbc6a178618d37e61648b19e744370df",
        "type": "github"
      },
      "original": {
        "owner": "NixOS",
        "ref": "master",
        "repo": "nixos-hardware",
        "type": "github"
      }
    },
    "nixos-raspberrypi": {
      "inputs": {
        "argononed": [],
        "flake-compat": [],
        "nixos-images": [],
        "nixpkgs": "nixpkgs"
      },
      "locked": {
        "lastModified": 1768599442,
        "narHash": "sha256-y3HowshuCKVBjBFoDeVSz+LwqBIgELt17o1AcwbVl34=",
        "owner": "nvmd",
        "repo": "nixos-raspberrypi",
        "rev": "debda1e1c80544a78157353225013afff2343034",
        "type": "github"
      },
      "original": {
        "owner": "nvmd",
        "ref": "main",
        "repo": "nixos-raspberrypi",
        "type": "github"
      }
    },
    "nixpkgs": {
      "locked": {
        "lastModified": 1768599367,
        "narHash": "sha256-Wi4Wv7ltAAj7Ik8PGJkpUmpjO+K4eRZsWAEYrDd37YA=",
        "owner": "nvmd",
        "repo": "nixpkgs",
        "rev": "c5f954e9abf64be4b07415cad77f8a4965a7bffb",
        "type": "github"
      },
      "original": {
        "owner": "nvmd",
        "ref": "modules-with-keys-25.11",
        "repo": "nixpkgs",
        "type": "github"
      }
    },
    "nixpkgs-patch-fix-raspi-module-renames": {
      "flake": false,
      "locked": {
        "narHash": "sha256-Aq8LhYkG36rDeHR32AJnjBKTsifnEKAST2vcIP81Gqk=",
        "type": "file",
        "url": "https://github.com/NixOS/nixpkgs/pull/398456.diff"
      },
      "original": {
        "type": "file",
        "url": "https://github.com/NixOS/nixpkgs/pull/398456.diff"
      }
    },
    "nixpkgs-patch-lurk-fix-aarch64-build": {
      "flake": false,
      "locked": {
        "narHash": "sha256-/FXYNHpNQN6EtgQDE6mUh5kQ6/rPNhTI6e1e2BgWzCM=",
        "type": "file",
        "url": "https://github.com/NixOS/nixpkgs/pull/481378.diff"
      },
      "original": {
        "type": "file",
        "url": "https://github.com/NixOS/nixpkgs/pull/481378.diff"
      }
    },
    "nixpkgs-patch-nixos-librechat-add-meilisearch-support": {
      "flake": false,
      "locked": {
        "narHash": "sha256-EynkWyeeaOXxQEPknzT0jLqKqiwsBybU5PCZIwlFFlw=",
        "type": "file",
        "url": "https://github.com/NixOS/nixpkgs/pull/481465.diff"
      },
      "original": {
        "type": "file",
        "url": "https://github.com/NixOS/nixpkgs/pull/481465.diff"
      }
    },
    "nixpkgs-patch-nixos-nginx-add-build-time-syntax-validation": {
      "flake": false,
      "locked": {
        "narHash": "sha256-GhqLFwSvCu1DABjQTeONEs4u+aDDWEQX4fyT+YwPciQ=",
        "type": "file",
        "url": "https://github.com/NixOS/nixpkgs/pull/474858.diff"
      },
      "original": {
        "type": "file",
        "url": "https://github.com/NixOS/nixpkgs/pull/474858.diff"
      }
    },
    "nixpkgs-patcher": {
      "locked": {
        "lastModified": 1765447685,
        "narHash": "sha256-H2C5UgIo3nkB2aHnvePZxOMn1GeWM3RTXLjBUT1z/I0=",
        "owner": "gepbird",
        "repo": "nixpkgs-patcher",
        "rev": "fd95467b7f4452b95a0eb610fc96af572149c7d9",
        "type": "github"
      },
      "original": {
        "owner": "gepbird",
        "repo": "nixpkgs-patcher",
        "type": "github"
      }
    },
    "nixpkgs_2": {
      "locked": {
        "lastModified": 1768564909,
        "narHash": "sha256-Kell/SpJYVkHWMvnhqJz/8DqQg2b6PguxVWOuadbHCc=",
        "owner": "NixOS",
        "repo": "nixpkgs",
        "rev": "e4bae1bd10c9c57b2cf517953ab70060a828ee6f",
        "type": "github"
      },
      "original": {
        "owner": "NixOS",
        "ref": "nixos-unstable",
        "repo": "nixpkgs",
        "type": "github"
      }
    },
    "nixvim": {
      "inputs": {
        "flake-parts": [
          "gep-dotfiles",
          "nvim-gep",
          "flake-parts"
        ],
        "nixpkgs": [
          "gep-dotfiles",
          "nvim-gep",
          "nixpkgs"
        ],
        "systems": [
          "gep-dotfiles",
          "nvim-gep",
          "systems"
        ]
      },
      "locked": {
        "lastModified": 1767906546,
        "narHash": "sha256-AoSWS8+P+7hQ/jIdv0wBjgH1MvnerdWBFXO4GV3JoQs=",
        "owner": "nix-community",
        "repo": "nixvim",
        "rev": "7eb8f36f085b85a2aeff929aff52d0f6aa14e000",
        "type": "github"
      },
      "original": {
        "owner": "nix-community",
        "repo": "nixvim",
        "type": "github"
      }
    },
    "nuget-packageslock2nix": {
      "inputs": {
        "nixpkgs": [
          "moe",
          "nixpkgs"
        ]
      },
      "locked": {
        "lastModified": 1761040608,
        "narHash": "sha256-QWNZT450i/89ud1Tkk+MjwfJzDgg8wrpS/x2jPthN6I=",
        "owner": "mdarocha",
        "repo": "nuget-packageslock2nix",
        "rev": "d629f61009274fb4cd1fe9b24a30f9849251b25c",
        "type": "github"
      },
      "original": {
        "owner": "mdarocha",
        "ref": "main",
        "repo": "nuget-packageslock2nix",
        "type": "github"
      }
    },
    "nur": {
      "inputs": {
        "flake-parts": [
          "flake-parts"
        ],
        "nixpkgs": [
          "nixpkgs"
        ]
      },
      "locked": {
        "lastModified": 1768761002,
        "narHash": "sha256-hNO4VJcP4ZdNhp3DX+RGMQwHnohOggu+wVbxJreS8Yw=",
        "owner": "nix-community",
        "repo": "NUR",
        "rev": "890c69080bf08eddc288c5bc31a4f3699bfb72b8",
        "type": "github"
      },
      "original": {
        "owner": "nix-community",
        "repo": "NUR",
        "type": "github"
      }
    },
    "nvim-gep": {
      "inputs": {
        "flake-parts": [
          "gep-dotfiles",
          "flake-parts"
        ],
        "neovim-nightly": "neovim-nightly",
        "nixpkgs": [
          "gep-dotfiles",
          "nixpkgs"
        ],
        "nixpkgs-patcher": [
          "gep-dotfiles"
        ],
        "nixvim": "nixvim",
        "systems": [
          "gep-dotfiles",
          "systems"
        ]
      },
      "locked": {
        "lastModified": 1768135118,
        "narHash": "sha256-YqQiVFkC/50mxqpbkweRqbA/EkRQWhzE6lAxNtU7kRI=",
        "ref": "refs/heads/main",
        "rev": "325154e71786a30d184e8a665a1320b86fbe575a",
        "revCount": 99,
        "type": "git",
        "url": "https://git.tchfoo.com/gepbird/nvim"
      },
      "original": {
        "type": "git",
        "url": "https://git.tchfoo.com/gepbird/nvim"
      }
    },
    "root": {
      "inputs": {
        "flake-parts": "flake-parts",
        "gep-dotfiles": "gep-dotfiles",
        "home-manager": "home-manager",
        "moe": "moe",
        "nixos-hardware": "nixos-hardware",
        "nixos-raspberrypi": "nixos-raspberrypi",
        "nixpkgs": "nixpkgs_2",
        "nixpkgs-patch-fix-raspi-module-renames": "nixpkgs-patch-fix-raspi-module-renames",
        "nixpkgs-patch-lurk-fix-aarch64-build": "nixpkgs-patch-lurk-fix-aarch64-build",
        "nixpkgs-patch-nixos-librechat-add-meilisearch-support": "nixpkgs-patch-nixos-librechat-add-meilisearch-support",
        "nixpkgs-patch-nixos-nginx-add-build-time-syntax-validation": "nixpkgs-patch-nixos-nginx-add-build-time-syntax-validation",
        "nixpkgs-patcher": "nixpkgs-patcher",
        "nur": "nur",
        "sops-nix": "sops-nix",
        "systems": "systems",
        "treefmt-nix": "treefmt-nix",
        "ymstnt-dotfiles": "ymstnt-dotfiles",
        "ymstnt-website": "ymstnt-website"
      }
    },
    "sops-nix": {
      "inputs": {
        "nixpkgs": [
          "nixpkgs"
        ]
      },
      "locked": {
        "lastModified": 1768709255,
        "narHash": "sha256-aigyBfxI20FRtqajVMYXHtj5gHXENY2gLAXEhfJ8/WM=",
        "owner": "Mic92",
        "repo": "sops-nix",
        "rev": "5e8fae80726b66e9fec023d21cd3b3e638597aa9",
        "type": "github"
      },
      "original": {
        "owner": "Mic92",
        "repo": "sops-nix",
        "type": "github"
      }
    },
    "systems": {
      "locked": {
        "lastModified": 1681028828,
        "narHash": "sha256-Vy1rq5AaRuLzOxct8nz4T6wlgyUR7zLU309k9mBC768=",
        "owner": "nix-systems",
        "repo": "default",
        "rev": "da67096a3b9bf56a91d16901293e51ba5b49a27e",
        "type": "github"
      },
      "original": {
        "owner": "nix-systems",
        "repo": "default",
        "type": "github"
      }
    },
    "treefmt-nix": {
      "inputs": {
        "nixpkgs": []
      },
      "locked": {
        "lastModified": 1768158989,
        "narHash": "sha256-67vyT1+xClLldnumAzCTBvU0jLZ1YBcf4vANRWP3+Ak=",
        "owner": "numtide",
        "repo": "treefmt-nix",
        "rev": "e96d59dff5c0d7fddb9d113ba108f03c3ef99eca",
        "type": "github"
      },
      "original": {
        "owner": "numtide",
        "repo": "treefmt-nix",
        "type": "github"
      }
    },
    "ymstnt-dotfiles": {
      "inputs": {
        "agenix": [],
        "cosmic-manager": [],
        "home-manager": [],
        "nix-matlab": [],
        "nixpkgs": [],
        "nixpkgs-develop": [],
        "nixpkgs-master": [],
        "nixpkgs-patcher": [],
        "nixpkgs-stable": [],
        "nur": []
      },
      "locked": {
        "lastModified": 1768495452,
        "narHash": "sha256-n5Ma1kALBxxzF/OXZOV8M2//HH0QJC/k6nxuy+SZ3g4=",
        "owner": "ymstnt",
        "repo": "dotfiles",
        "rev": "ff9019c216682fe08fdb6fe974a756dde43c0dfb",
        "type": "github"
      },
      "original": {
        "owner": "ymstnt",
        "ref": "main",
        "repo": "dotfiles",
        "type": "github"
      }
    },
    "ymstnt-website": {
      "flake": false,
      "locked": {
        "lastModified": 1768758652,
        "narHash": "sha256-RO70ct6t7r6mB5sJgWAnBlQ/KM/zvYNueoCrGRoMfY0=",
        "owner": "ymstnt",
        "repo": "website",
        "rev": "a4f62a998f59b43304c96c9d31759010885debf0",
        "type": "github"
      },
      "original": {
        "owner": "ymstnt",
        "repo": "website",
        "type": "github"
      }
    }
  },
  "root": "root",
  "version": 7
}
